# THIS IS AN AUTOGENERATED FILE. DO NOT EDIT THIS FILE DIRECTLY.
# yarn lockfile v1


alpha-sort@^2.0.1:
  version "2.0.1"
  resolved "https://registry.yarnpkg.com/alpha-sort/-/alpha-sort-2.0.1.tgz#50d3538947cf70ebcc15a6b461fb04fff3bf1ed9"
  integrity sha512-+ywJRo+J0Z5qFGoODbzp/hxUZhumuFjS8hPRv5vaPPMwEbW35xPhICNr3DhPJkgiRCW94iG33hOOCO/SV5F60g==

husky@^9.1.3:
  version "9.1.3"
  resolved "https://registry.yarnpkg.com/husky/-/husky-9.1.3.tgz#46cddff01f9a551f87b39accc67860bce5d00680"
  integrity sha512-ET3TQmQgdIu0pt+jKkpo5oGyg/4MQZpG6xcam5J5JyNJV+CBT23OBpCF15bKHKycRyMH9k6ONy8g2HdGIsSkMQ==
