# THIS IS AN AUTOGENERATED FILE. DO NOT EDIT THIS FILE DIRECTLY.
# yarn lockfile v1


alpha-sort@^2.0.1:
  version "2.0.1"
  resolved "https://registry.yarnpkg.com/alpha-sort/-/alpha-sort-2.0.1.tgz#50d3538947cf70ebcc15a6b461fb04fff3bf1ed9"
  integrity sha512-+ywJRo+J0Z5qFGoODbzp/hxUZhumuFjS8hPRv5vaPPMwEbW35xPhICNr3DhPJkgiRCW94iG33hOOCO/SV5F60g==

husky@^9.1.4:
  version "9.1.4"
  resolved "https://registry.yarnpkg.com/husky/-/husky-9.1.4.tgz#926fd19c18d345add5eab0a42b2b6d9a80259b34"
  integrity sha512-bho94YyReb4JV7LYWRWxZ/xr6TtOTt8cMfmQ39MQYJ7f/YE268s3GdghGwi+y4zAeqewE5zYLvuhV0M0ijsDEA==
